// !$*UTF8*$!
{
	archiveVersion = 1;
	classes = {
	};
	objectVersion = 50;
	objects = {

/* Begin PBXBuildFile section */
		3A1E353626F912AF0009BF94 /* Book_By_CoverApp.swift in Sources */ = {isa = PBXBuildFile; fileRef = 3A1E353526F912AF0009BF94 /* Book_By_CoverApp.swift */; };
		3A1E353826F912AF0009BF94 /* ContentView.swift in Sources */ = {isa = PBXBuildFile; fileRef = 3A1E353726F912AF0009BF94 /* ContentView.swift */; };
		3A1E353A26F912B20009BF94 /* Assets.xcassets in Resources */ = {isa = PBXBuildFile; fileRef = 3A1E353926F912B20009BF94 /* Assets.xcassets */; };
		3A1E353D26F912B20009BF94 /* Preview Assets.xcassets in Resources */ = {isa = PBXBuildFile; fileRef = 3A1E353C26F912B20009BF94 /* Preview Assets.xcassets */; };
		3A1E354526F91F2D0009BF94 /* Book.swift in Sources */ = {isa = PBXBuildFile; fileRef = 3A1E354426F91F2D0009BF94 /* Book.swift */; };
		3A1E354726F929C20009BF94 /* BarCodeScanner.swift in Sources */ = {isa = PBXBuildFile; fileRef = 3A1E354626F929C20009BF94 /* BarCodeScanner.swift */; };
		3A1E354926F92AF10009BF94 /* SearchManager.swift in Sources */ = {isa = PBXBuildFile; fileRef = 3A1E354826F92AF10009BF94 /* SearchManager.swift */; };
/* End PBXBuildFile section */

/* Begin PBXFileReference section */
		3A1E353226F912AF0009BF94 /* Book By Cover.app */ = {isa = PBXFileReference; explicitFileType = wrapper.application; includeInIndex = 0; path = "Book By Cover.app"; sourceTree = BUILT_PRODUCTS_DIR; };
		3A1E353526F912AF0009BF94 /* Book_By_CoverApp.swift */ = {isa = PBXFileReference; lastKnownFileType = sourcecode.swift; path = Book_By_CoverApp.swift; sourceTree = "<group>"; };
		3A1E353726F912AF0009BF94 /* ContentView.swift */ = {isa = PBXFileReference; lastKnownFileType = sourcecode.swift; path = ContentView.swift; sourceTree = "<group>"; };
		3A1E353926F912B20009BF94 /* Assets.xcassets */ = {isa = PBXFileReference; lastKnownFileType = folder.assetcatalog; path = Assets.xcassets; sourceTree = "<group>"; };
		3A1E353C26F912B20009BF94 /* Preview Assets.xcassets */ = {isa = PBXFileReference; lastKnownFileType = folder.assetcatalog; path = "Preview Assets.xcassets"; sourceTree = "<group>"; };
		3A1E353E26F912B20009BF94 /* Info.plist */ = {isa = PBXFileReference; lastKnownFileType = text.plist.xml; path = Info.plist; sourceTree = "<group>"; };
		3A1E354426F91F2D0009BF94 /* Book.swift */ = {isa = PBXFileReference; lastKnownFileType = sourcecode.swift; path = Book.swift; sourceTree = "<group>"; };
		3A1E354626F929C20009BF94 /* BarCodeScanner.swift */ = {isa = PBXFileReference; lastKnownFileType = sourcecode.swift; path = BarCodeScanner.swift; sourceTree = "<group>"; };
		3A1E354826F92AF10009BF94 /* SearchManager.swift */ = {isa = PBXFileReference; lastKnownFileType = sourcecode.swift; path = SearchManager.swift; sourceTree = "<group>"; };
/* End PBXFileReference section */

/* Begin PBXFrameworksBuildPhase section */
		3A1E352F26F912AF0009BF94 /* Frameworks */ = {
			isa = PBXFrameworksBuildPhase;
			buildActionMask = 2147483647;
			files = (
			);
			runOnlyForDeploymentPostprocessing = 0;
		};
/* End PBXFrameworksBuildPhase section */

/* Begin PBXGroup section */
		3A1E352926F912AF0009BF94 = {
			isa = PBXGroup;
			children = (
				3A1E353426F912AF0009BF94 /* Book By Cover */,
				3A1E353326F912AF0009BF94 /* Products */,
			);
			sourceTree = "<group>";
		};
		3A1E353326F912AF0009BF94 /* Products */ = {
			isa = PBXGroup;
			children = (
				3A1E353226F912AF0009BF94 /* Book By Cover.app */,
			);
			name = Products;
			sourceTree = "<group>";
		};
		3A1E353426F912AF0009BF94 /* Book By Cover */ = {
			isa = PBXGroup;
			children = (
				3A1E353526F912AF0009BF94 /* Book_By_CoverApp.swift */,
				3A1E354626F929C20009BF94 /* BarCodeScanner.swift */,
				3A1E353726F912AF0009BF94 /* ContentView.swift */,
				3A1E354826F92AF10009BF94 /* SearchManager.swift */,
				3A1E354426F91F2D0009BF94 /* Book.swift */,
				3A1E353926F912B20009BF94 /* Assets.xcassets */,
				3A1E353E26F912B20009BF94 /* Info.plist */,
				3A1E353B26F912B20009BF94 /* Preview Content */,
			);
			path = "Book By Cover";
			sourceTree = "<group>";
		};
		3A1E353B26F912B20009BF94 /* Preview Content */ = {
			isa = PBXGroup;
			children = (
				3A1E353C26F912B20009BF94 /* Preview Assets.xcassets */,
			);
			path = "Preview Content";
			sourceTree = "<group>";
		};
/* End PBXGroup section */

/* Begin PBXNativeTarget section */
		3A1E353126F912AF0009BF94 /* Book By Cover */ = {
			isa = PBXNativeTarget;
			buildConfigurationList = 3A1E354126F912B20009BF94 /* Build configuration list for PBXNativeTarget "Book By Cover" */;
			buildPhases = (
				3A1E352E26F912AF0009BF94 /* Sources */,
				3A1E352F26F912AF0009BF94 /* Frameworks */,
				3A1E353026F912AF0009BF94 /* Resources */,
			);
			buildRules = (
			);
			dependencies = (
			);
			name = "Book By Cover";
			productName = "Book By Cover";
			productReference = 3A1E353226F912AF0009BF94 /* Book By Cover.app */;
			productType = "com.apple.product-type.application";
		};
/* End PBXNativeTarget section */

/* Begin PBXProject section */
		3A1E352A26F912AF0009BF94 /* Project object */ = {
			isa = PBXProject;
			attributes = {
				LastSwiftUpdateCheck = 1250;
				LastUpgradeCheck = 1250;
				TargetAttributes = {
					3A1E353126F912AF0009BF94 = {
						CreatedOnToolsVersion = 12.5.1;
					};
				};
			};
			buildConfigurationList = 3A1E352D26F912AF0009BF94 /* Build configuration list for PBXProject "Book By Cover" */;
			compatibilityVersion = "Xcode 9.3";
			developmentRegion = en;
			hasScannedForEncodings = 0;
			knownRegions = (
				en,
				Base,
			);
			mainGroup = 3A1E352926F912AF0009BF94;
			productRefGroup = 3A1E353326F912AF0009BF94 /* Products */;
			projectDirPath = "";
			projectRoot = "";
			targets = (
				3A1E353126F912AF0009BF94 /* Book By Cover */,
			);
		};
/* End PBXProject section */

/* Begin PBXResourcesBuildPhase section */
		3A1E353026F912AF0009BF94 /* Resources */ = {
			isa = PBXResourcesBuildPhase;
			buildActionMask = 2147483647;
			files = (
				3A1E353D26F912B20009BF94 /* Preview Assets.xcassets in Resources */,
				3A1E353A26F912B20009BF94 /* Assets.xcassets in Resources */,
			);
			runOnlyForDeploymentPostprocessing = 0;
		};
/* End PBXResourcesBuildPhase section */

/* Begin PBXSourcesBuildPhase section */
		3A1E352E26F912AF0009BF94 /* Sources */ = {
			isa = PBXSourcesBuildPhase;
			buildActionMask = 2147483647;
			files = (
				3A1E353826F912AF0009BF94 /* ContentView.swift in Sources */,
				3A1E354726F929C20009BF94 /* BarCodeScanner.swift in Sources */,
				3A1E354926F92AF10009BF94 /* SearchManager.swift in Sources */,
				3A1E353626F912AF0009BF94 /* Book_By_CoverApp.swift in Sources */,
				3A1E354526F91F2D0009BF94 /* Book.swift in Sources */,
			);
			runOnlyForDeploymentPostprocessing = 0;
		};
/* End PBXSourcesBuildPhase section */

/* Begin XCBuildConfiguration section */
		3A1E353F26F912B20009BF94 /* Debug */ = {
			isa = XCBuildConfiguration;
			buildSettings = {
				ALWAYS_SEARCH_USER_PATHS = NO;
				CLANG_ANALYZER_NONNULL = YES;
				CLANG_ANALYZER_NUMBER_OBJECT_CONVERSION = YES_AGGRESSIVE;
				CLANG_CXX_LANGUAGE_STANDARD = "gnu++14";
				CLANG_CXX_LIBRARY = "libc++";
				CLANG_ENABLE_MODULES = YES;
				CLANG_ENABLE_OBJC_ARC = YES;
				CLANG_ENABLE_OBJC_WEAK = YES;
				CLANG_WARN_BLOCK_CAPTURE_AUTORELEASING = YES;
				CLANG_WARN_BOOL_CONVERSION = YES;
				CLANG_WARN_COMMA = YES;
				CLANG_WARN_CONSTANT_CONVERSION = YES;
				CLANG_WARN_DEPRECATED_OBJC_IMPLEMENTATIONS = YES;
				CLANG_WARN_DIRECT_OBJC_ISA_USAGE = YES_ERROR;
				CLANG_WARN_DOCUMENTATION_COMMENTS = YES;
				CLANG_WARN_EMPTY_BODY = YES;
				CLANG_WARN_ENUM_CONVERSION = YES;
				CLANG_WARN_INFINITE_RECURSION = YES;
				CLANG_WARN_INT_CONVERSION = YES;
				CLANG_WARN_NON_LITERAL_NULL_CONVERSION = YES;
				CLANG_WARN_OBJC_IMPLICIT_RETAIN_SELF = YES;
				CLANG_WARN_OBJC_LITERAL_CONVERSION = YES;
				CLANG_WARN_OBJC_ROOT_CLASS = YES_ERROR;
				CLANG_WARN_QUOTED_INCLUDE_IN_FRAMEWORK_HEADER = YES;
				CLANG_WARN_RANGE_LOOP_ANALYSIS = YES;
				CLANG_WARN_STRICT_PROTOTYPES = YES;
				CLANG_WARN_SUSPICIOUS_MOVE = YES;
				CLANG_WARN_UNGUARDED_AVAILABILITY = YES_AGGRESSIVE;
				CLANG_WARN_UNREACHABLE_CODE = YES;
				CLANG_WARN__DUPLICATE_METHOD_MATCH = YES;
				COPY_PHASE_STRIP = NO;
				DEBUG_INFORMATION_FORMAT = dwarf;
				ENABLE_STRICT_OBJC_MSGSEND = YES;
				ENABLE_TESTABILITY = YES;
				GCC_C_LANGUAGE_STANDARD = gnu11;
				GCC_DYNAMIC_NO_PIC = NO;
				GCC_NO_COMMON_BLOCKS = YES;
				GCC_OPTIMIZATION_LEVEL = 0;
				GCC_PREPROCESSOR_DEFINITIONS = (
					"DEBUG=1",
					"$(inherited)",
				);
				GCC_WARN_64_TO_32_BIT_CONVERSION = YES;
				GCC_WARN_ABOUT_RETURN_TYPE = YES_ERROR;
				GCC_WARN_UNDECLARED_SELECTOR = YES;
				GCC_WARN_UNINITIALIZED_AUTOS = YES_AGGRESSIVE;
				GCC_WARN_UNUSED_FUNCTION = YES;
				GCC_WARN_UNUSED_VARIABLE = YES;
				IPHONEOS_DEPLOYMENT_TARGET = 14.5;
				MTL_ENABLE_DEBUG_INFO = INCLUDE_SOURCE;
				MTL_FAST_MATH = YES;
				ONLY_ACTIVE_ARCH = YES;
				SDKROOT = iphoneos;
				SWIFT_ACTIVE_COMPILATION_CONDITIONS = DEBUG;
				SWIFT_OPTIMIZATION_LEVEL = "-Onone";
			};
			name = Debug;
		};
		3A1E354026F912B20009BF94 /* Release */ = {
			isa = XCBuildConfiguration;
			buildSettings = {
				ALWAYS_SEARCH_USER_PATHS = NO;
				CLANG_ANALYZER_NONNULL = YES;
				CLANG_ANALYZER_NUMBER_OBJECT_CONVERSION = YES_AGGRESSIVE;
				CLANG_CXX_LANGUAGE_STANDARD = "gnu++14";
				CLANG_CXX_LIBRARY = "libc++";
				CLANG_ENABLE_MODULES = YES;
				CLANG_ENABLE_OBJC_ARC = YES;
				CLANG_ENABLE_OBJC_WEAK = YES;
				CLANG_WARN_BLOCK_CAPTURE_AUTORELEASING = YES;
				CLANG_WARN_BOOL_CONVERSION = YES;
				CLANG_WARN_COMMA = YES;
				CLANG_WARN_CONSTANT_CONVERSION = YES;
				CLANG_WARN_DEPRECATED_OBJC_IMPLEMENTATIONS = YES;
				CLANG_WARN_DIRECT_OBJC_ISA_USAGE = YES_ERROR;
				CLANG_WARN_DOCUMENTATION_COMMENTS = YES;
				CLANG_WARN_EMPTY_BODY = YES;
				CLANG_WARN_ENUM_CONVERSION = YES;
				CLANG_WARN_INFINITE_RECURSION = YES;
				CLANG_WARN_INT_CONVERSION = YES;
				CLANG_WARN_NON_LITERAL_NULL_CONVERSION = YES;
				CLANG_WARN_OBJC_IMPLICIT_RETAIN_SELF = YES;
				CLANG_WARN_OBJC_LITERAL_CONVERSION = YES;
				CLANG_WARN_OBJC_ROOT_CLASS = YES_ERROR;
				CLANG_WARN_QUOTED_INCLUDE_IN_FRAMEWORK_HEADER = YES;
				CLANG_WARN_RANGE_LOOP_ANALYSIS = YES;
				CLANG_WARN_STRICT_PROTOTYPES = YES;
				CLANG_WARN_SUSPICIOUS_MOVE = YES;
				CLANG_WARN_UNGUARDED_AVAILABILITY = YES_AGGRESSIVE;
				CLANG_WARN_UNREACHABLE_CODE = YES;
				CLANG_WARN__DUPLICATE_METHOD_MATCH = YES;
				COPY_PHASE_STRIP = NO;
				DEBUG_INFORMATION_FORMAT = "dwarf-with-dsym";
				ENABLE_NS_ASSERTIONS = NO;
				ENABLE_STRICT_OBJC_MSGSEND = YES;
				GCC_C_LANGUAGE_STANDARD = gnu11;
				GCC_NO_COMMON_BLOCKS = YES;
				GCC_WARN_64_TO_32_BIT_CONVERSION = YES;
				GCC_WARN_ABOUT_RETURN_TYPE = YES_ERROR;
				GCC_WARN_UNDECLARED_SELECTOR = YES;
				GCC_WARN_UNINITIALIZED_AUTOS = YES_AGGRESSIVE;
				GCC_WARN_UNUSED_FUNCTION = YES;
				GCC_WARN_UNUSED_VARIABLE = YES;
				IPHONEOS_DEPLOYMENT_TARGET = 14.5;
				MTL_ENABLE_DEBUG_INFO = NO;
				MTL_FAST_MATH = YES;
				SDKROOT = iphoneos;
				SWIFT_COMPILATION_MODE = wholemodule;
				SWIFT_OPTIMIZATION_LEVEL = "-O";
				VALIDATE_PRODUCT = YES;
			};
			name = Release;
		};
		3A1E354226F912B20009BF94 /* Debug */ = {
			isa = XCBuildConfiguration;
			buildSettings = {
				ASSETCATALOG_COMPILER_APPICON_NAME = AppIcon;
				ASSETCATALOG_COMPILER_GLOBAL_ACCENT_COLOR_NAME = AccentColor;
				CODE_SIGN_STYLE = Automatic;
				DEVELOPMENT_ASSET_PATHS = "\"Book By Cover/Preview Content\"";
				DEVELOPMENT_TEAM = 8P5AUHNF8W;
				ENABLE_PREVIEWS = YES;
				INFOPLIST_FILE = "Book By Cover/Info.plist";
				IPHONEOS_DEPLOYMENT_TARGET = 14.0;
				LD_RUNPATH_SEARCH_PATHS = (
					"$(inherited)",
					"@executable_path/Frameworks",
				);
				PRODUCT_BUNDLE_IDENTIFIER = "WinterSolid-Personal-team-.Book-By-Cover";
				PRODUCT_NAME = "$(TARGET_NAME)";
				SWIFT_VERSION = 5.0;
				TARGETED_DEVICE_FAMILY = "1,2";
			};
			name = Debug;
		};
		3A1E354326F912B20009BF94 /* Release */ = {
			isa = XCBuildConfiguration;
			buildSettings = {
				ASSETCATALOG_COMPILER_APPICON_NAME = AppIcon;
				ASSETCATALOG_COMPILER_GLOBAL_ACCENT_COLOR_NAME = AccentColor;
				CODE_SIGN_STYLE = Automatic;
				DEVELOPMENT_ASSET_PATHS = "\"Book By Cover/Preview Content\"";
				DEVELOPMENT_TEAM = 8P5AUHNF8W;
				ENABLE_PREVIEWS = YES;
				INFOPLIST_FILE = "Book By Cover/Info.plist";
				IPHONEOS_DEPLOYMENT_TARGET = 14.0;
				LD_RUNPATH_SEARCH_PATHS = (
					"$(inherited)",
					"@executable_path/Frameworks",
				);
				PRODUCT_BUNDLE_IDENTIFIER = "WinterSolid-Personal-team-.Book-By-Cover";
				PRODUCT_NAME = "$(TARGET_NAME)";
				SWIFT_VERSION = 5.0;
				TARGETED_DEVICE_FAMILY = "1,2";
			};
			name = Release;
		};
/* End XCBuildConfiguration section */

/* Begin XCConfigurationList section */
		3A1E352D26F912AF0009BF94 /* Build configuration list for PBXProject "Book By Cover" */ = {
			isa = XCConfigurationList;
			buildConfigurations = (
				3A1E353F26F912B20009BF94 /* Debug */,
				3A1E354026F912B20009BF94 /* Release */,
			);
			defaultConfigurationIsVisible = 0;
			defaultConfigurationName = Release;
		};
		3A1E354126F912B20009BF94 /* Build configuration list for PBXNativeTarget "Book By Cover" */ = {
			isa = XCConfigurationList;
			buildConfigurations = (
				3A1E354226F912B20009BF94 /* Debug */,
				3A1E354326F912B20009BF94 /* Release */,
			);
			defaultConfigurationIsVisible = 0;
			defaultConfigurationName = Release;
		};
/* End XCConfigurationList section */
	};
	rootObject = 3A1E352A26F912AF0009BF94 /* Project object */;
}
